
Microsoft Visual Studio Solution File, Format Version 12.00
# Visual Studio Version 16
VisualStudioVersion = 16.0.29201.188
MinimumVisualStudioVersion = 10.0.40219.1
Project("{9A19103F-16F7-4668-BE54-9A1E7A4F7556}") = "WinService.NetCore", "WinService.NetCore.csproj", "{DCE3BDEA-30E0-4821-B937-CCEA95683BC0}"
EndProject
Global
	GlobalSection(SolutionConfigurationPlatforms) = preSolution
		Debug|Any CPU = Debug|Any CPU
		Release|Any CPU = Release|Any CPU
	EndGlobalSection
	GlobalSection(ProjectConfigurationPlatforms) = postSolution
		{DCE3BDEA-30E0-4821-B937-CCEA95683BC0}.Debug|Any CPU.ActiveCfg = Debug|Any CPU
		{DCE3BDEA-30E0-4821-B937-CCEA95683BC0}.Debug|Any CPU.Build.0 = Debug|Any CPU
		{DCE3BDEA-30E0-4821-B937-CCEA95683BC0}.Release|Any CPU.ActiveCfg = Release|Any CPU
		{DCE3BDEA-30E0-4821-B937-CCEA95683BC0}.Release|Any CPU.Build.0 = Release|Any CPU
	EndGlobalSection
	GlobalSection(SolutionProperties) = preSolution
		HideSolutionNode = FALSE
	EndGlobalSection
	GlobalSection(ExtensibilityGlobals) = postSolution
		SolutionGuid = {EA8598D3-AB31-4B33-801E-2EA4AEB72AD4}
	EndGlobalSection
EndGlobal
